
Microsoft Visual Studio Solution File, Format Version 12.00
# Visual Studio Version 17
VisualStudioVersion = 17.11.35312.102
MinimumVisualStudioVersion = 10.0.40219.1
Project("{9A19103F-16F7-4668-BE54-9A1E7A4F7556}") = "Core.Persistence", "Core.Persistence\Core.Persistence.csproj", "{676D7D47-C0AB-4675-8445-81A7CFC6062A}"
EndProject
Project("{FAE04EC0-301F-11D3-BF4B-00C04F79EFBC}") = "Core.Application", "Core.Application\Core.Application.csproj", "{42C3FFFF-14BE-4581-BFD7-4028EDD4F157}"
EndProject
Global
	GlobalSection(SolutionConfigurationPlatforms) = preSolution
		Debug|Any CPU = Debug|Any CPU
		Release|Any CPU = Release|Any CPU
	EndGlobalSection
	GlobalSection(ProjectConfigurationPlatforms) = postSolution
		{676D7D47-C0AB-4675-8445-81A7CFC6062A}.Debug|Any CPU.ActiveCfg = Debug|Any CPU
		{676D7D47-C0AB-4675-8445-81A7CFC6062A}.Debug|Any CPU.Build.0 = Debug|Any CPU
		{676D7D47-C0AB-4675-8445-81A7CFC6062A}.Release|Any CPU.ActiveCfg = Release|Any CPU
		{676D7D47-C0AB-4675-8445-81A7CFC6062A}.Release|Any CPU.Build.0 = Release|Any CPU
		{42C3FFFF-14BE-4581-BFD7-4028EDD4F157}.Debug|Any CPU.ActiveCfg = Debug|Any CPU
		{42C3FFFF-14BE-4581-BFD7-4028EDD4F157}.Debug|Any CPU.Build.0 = Debug|Any CPU
		{42C3FFFF-14BE-4581-BFD7-4028EDD4F157}.Release|Any CPU.ActiveCfg = Release|Any CPU
		{42C3FFFF-14BE-4581-BFD7-4028EDD4F157}.Release|Any CPU.Build.0 = Release|Any CPU
	EndGlobalSection
	GlobalSection(SolutionProperties) = preSolution
		HideSolutionNode = FALSE
	EndGlobalSection
	GlobalSection(ExtensibilityGlobals) = postSolution
		SolutionGuid = {9A7F8990-F7F7-4FA2-98AC-CDE10F13DDFF}
	EndGlobalSection
EndGlobal
